{
  "name": "cagov-json-validation-service",
  "version": "1.0.0",
  "lockfileVersion": 2,
  "requires": true,
  "packages": {
    "": {
      "name": "cagov-json-validation-service",
      "version": "1.0.0",
      "license": "ISC",
      "dependencies": {
        "@cagov/slack-connector": "^0.0.2",
        "jsonschema": "^1.4.0",
        "moment": "^2.29.1"
      }
    },
    "node_modules/@cagov/slack-connector": {
      "version": "0.0.2",
      "resolved": "https://registry.npmjs.org/@cagov/slack-connector/-/slack-connector-0.0.2.tgz",
      "integrity": "sha512-g+4YlbcYE/QRmcj3cBwmZ6yXwDAYLG6wnzZ/tmXHe2OGD5tfkBXrhhBmRQ7pXsPfeyjH+TZpBaGa+iLu2SMU7w==",
      "dependencies": {
        "fetch-retry": "^4.1.1",
        "node-fetch": "^2.6.1"
      }
    },
    "node_modules/fetch-retry": {
      "version": "4.1.1",
      "resolved": "https://registry.npmjs.org/fetch-retry/-/fetch-retry-4.1.1.tgz",
      "integrity": "sha512-e6eB7zN6UBSwGVwrbWVH+gdLnkW9WwHhmq2YDK1Sh30pzx1onRVGBvogTlUeWxwTa+L86NYdo4hFkh7O8ZjSnA=="
    },
    "node_modules/jsonschema": {
      "version": "1.4.0",
      "resolved": "https://registry.npmjs.org/jsonschema/-/jsonschema-1.4.0.tgz",
      "integrity": "sha512-/YgW6pRMr6M7C+4o8kS+B/2myEpHCrxO4PEWnqJNBFMjn7EWXqlQ4tGwL6xTHeRplwuZmcAncdvfOad1nT2yMw==",
      "engines": {
        "node": "*"
      }
    },
    "node_modules/moment": {
      "version": "2.29.1",
      "resolved": "https://registry.npmjs.org/moment/-/moment-2.29.1.tgz",
      "integrity": "sha512-kHmoybcPV8Sqy59DwNDY3Jefr64lK/by/da0ViFcuA4DH0vQg5Q6Ze5VimxkfQNSC+Mls/Kx53s7TjP1RhFEDQ==",
      "engines": {
        "node": "*"
      }
    },
    "node_modules/node-fetch": {
      "version": "2.6.7",
      "resolved": "https://registry.npmjs.org/node-fetch/-/node-fetch-2.6.7.tgz",
      "integrity": "sha512-ZjMPFEfVx5j+y2yF35Kzx5sF7kDzxuDj6ziH4FFbOp87zKDZNx8yExJIb05OGF4Nlt9IHFIMBkRl41VdvcNdbQ==",
      "dependencies": {
        "whatwg-url": "^5.0.0"
      },
      "engines": {
        "node": "4.x || >=6.0.0"
      },
      "peerDependencies": {
        "encoding": "^0.1.0"
      },
      "peerDependenciesMeta": {
        "encoding": {
          "optional": true
        }
      }
    },
    "node_modules/tr46": {
      "version": "0.0.3",
      "resolved": "https://registry.npmjs.org/tr46/-/tr46-0.0.3.tgz",
      "integrity": "sha1-gYT9NH2snNwYWZLzpmIuFLnZq2o="
    },
    "node_modules/webidl-conversions": {
      "version": "3.0.1",
      "resolved": "https://registry.npmjs.org/webidl-conversions/-/webidl-conversions-3.0.1.tgz",
      "integrity": "sha1-JFNCdeKnvGvnvIZhHMFq4KVlSHE="
    },
    "node_modules/whatwg-url": {
      "version": "5.0.0",
      "resolved": "https://registry.npmjs.org/whatwg-url/-/whatwg-url-5.0.0.tgz",
      "integrity": "sha1-lmRU6HZUYuN2RNNib2dCzotwll0=",
      "dependencies": {
        "tr46": "~0.0.3",
        "webidl-conversions": "^3.0.0"
      }
    }
  },
  "dependencies": {
    "@cagov/slack-connector": {
      "version": "0.0.2",
      "resolved": "https://registry.npmjs.org/@cagov/slack-connector/-/slack-connector-0.0.2.tgz",
      "integrity": "sha512-g+4YlbcYE/QRmcj3cBwmZ6yXwDAYLG6wnzZ/tmXHe2OGD5tfkBXrhhBmRQ7pXsPfeyjH+TZpBaGa+iLu2SMU7w==",
      "requires": {
        "fetch-retry": "^4.1.1",
        "node-fetch": "^2.6.1"
      }
    },
    "fetch-retry": {
      "version": "4.1.1",
      "resolved": "https://registry.npmjs.org/fetch-retry/-/fetch-retry-4.1.1.tgz",
      "integrity": "sha512-e6eB7zN6UBSwGVwrbWVH+gdLnkW9WwHhmq2YDK1Sh30pzx1onRVGBvogTlUeWxwTa+L86NYdo4hFkh7O8ZjSnA=="
    },
    "jsonschema": {
      "version": "1.4.0",
      "resolved": "https://registry.npmjs.org/jsonschema/-/jsonschema-1.4.0.tgz",
      "integrity": "sha512-/YgW6pRMr6M7C+4o8kS+B/2myEpHCrxO4PEWnqJNBFMjn7EWXqlQ4tGwL6xTHeRplwuZmcAncdvfOad1nT2yMw=="
    },
    "moment": {
      "version": "2.29.1",
      "resolved": "https://registry.npmjs.org/moment/-/moment-2.29.1.tgz",
      "integrity": "sha512-kHmoybcPV8Sqy59DwNDY3Jefr64lK/by/da0ViFcuA4DH0vQg5Q6Ze5VimxkfQNSC+Mls/Kx53s7TjP1RhFEDQ=="
    },
    "node-fetch": {
      "version": "2.6.7",
      "resolved": "https://registry.npmjs.org/node-fetch/-/node-fetch-2.6.7.tgz",
      "integrity": "sha512-ZjMPFEfVx5j+y2yF35Kzx5sF7kDzxuDj6ziH4FFbOp87zKDZNx8yExJIb05OGF4Nlt9IHFIMBkRl41VdvcNdbQ==",
      "requires": {
        "whatwg-url": "^5.0.0"
      }
    },
    "tr46": {
      "version": "0.0.3",
      "resolved": "https://registry.npmjs.org/tr46/-/tr46-0.0.3.tgz",
      "integrity": "sha1-gYT9NH2snNwYWZLzpmIuFLnZq2o="
    },
    "webidl-conversions": {
      "version": "3.0.1",
      "resolved": "https://registry.npmjs.org/webidl-conversions/-/webidl-conversions-3.0.1.tgz",
      "integrity": "sha1-JFNCdeKnvGvnvIZhHMFq4KVlSHE="
    },
    "whatwg-url": {
      "version": "5.0.0",
      "resolved": "https://registry.npmjs.org/whatwg-url/-/whatwg-url-5.0.0.tgz",
      "integrity": "sha1-lmRU6HZUYuN2RNNib2dCzotwll0=",
      "requires": {
        "tr46": "~0.0.3",
        "webidl-conversions": "^3.0.0"
      }
    }
  }
}
